
Microsoft Visual Studio Solution File, Format Version 12.00
# Visual Studio Version 16
VisualStudioVersion = 16.0.30717.126
MinimumVisualStudioVersion = 10.0.40219.1
Project("{FAE04EC0-301F-11D3-BF4B-00C04F79EFBC}") = "Ekranska forma", "Ekranska forma.csproj", "{588717D7-9D12-4059-8926-52DA08063B75}"
EndProject
Global
	GlobalSection(SolutionConfigurationPlatforms) = preSolution
		Debug|Any CPU = Debug|Any CPU
		Release|Any CPU = Release|Any CPU
	EndGlobalSection
	GlobalSection(ProjectConfigurationPlatforms) = postSolution
		{588717D7-9D12-4059-8926-52DA08063B75}.Debug|Any CPU.ActiveCfg = Debug|Any CPU
		{588717D7-9D12-4059-8926-52DA08063B75}.Debug|Any CPU.Build.0 = Debug|Any CPU
		{588717D7-9D12-4059-8926-52DA08063B75}.Release|Any CPU.ActiveCfg = Release|Any CPU
		{588717D7-9D12-4059-8926-52DA08063B75}.Release|Any CPU.Build.0 = Release|Any CPU
	EndGlobalSection
	GlobalSection(SolutionProperties) = preSolution
		HideSolutionNode = FALSE
	EndGlobalSection
	GlobalSection(ExtensibilityGlobals) = postSolution
		SolutionGuid = {27396AA3-1673-4587-B310-D9E20E597E1F}
	EndGlobalSection
EndGlobal
